
Microsoft Visual Studio Solution File, Format Version 12.00
# Visual Studio Version 16
VisualStudioVersion = 16.0.31205.134
MinimumVisualStudioVersion = 10.0.40219.1
Project("{FAE04EC0-301F-11D3-BF4B-00C04F79EFBC}") = "Puissance4Upgrade", "Puissance4Upgrade.csproj", "{72B590C9-9CA9-4D97-88C6-123BE50E9817}"
EndProject
Global
	GlobalSection(SolutionConfigurationPlatforms) = preSolution
		Debug|Any CPU = Debug|Any CPU
		Release|Any CPU = Release|Any CPU
	EndGlobalSection
	GlobalSection(ProjectConfigurationPlatforms) = postSolution
		{72B590C9-9CA9-4D97-88C6-123BE50E9817}.Debug|Any CPU.ActiveCfg = Debug|Any CPU
		{72B590C9-9CA9-4D97-88C6-123BE50E9817}.Debug|Any CPU.Build.0 = Debug|Any CPU
		{72B590C9-9CA9-4D97-88C6-123BE50E9817}.Release|Any CPU.ActiveCfg = Release|Any CPU
		{72B590C9-9CA9-4D97-88C6-123BE50E9817}.Release|Any CPU.Build.0 = Release|Any CPU
	EndGlobalSection
	GlobalSection(SolutionProperties) = preSolution
		HideSolutionNode = FALSE
	EndGlobalSection
	GlobalSection(ExtensibilityGlobals) = postSolution
		SolutionGuid = {E40AF827-ED9D-420D-8AAD-948098D29A3D}
	EndGlobalSection
EndGlobal
